
Microsoft Visual Studio Solution File, Format Version 12.00
# Visual Studio Version 16
VisualStudioVersion = 16.0.29025.244
MinimumVisualStudioVersion = 10.0.40219.1
Project("{FAE04EC0-301F-11D3-BF4B-00C04F79EFBC}") = "Database_Deployment_Task", "Database_Deployment_Task\Database_Deployment_Task.csproj", "{468096F1-AA50-49B2-A3D6-7E585D6AD7D2}"
EndProject
Project("{00D1A9C2-B5F0-4AF3-8072-F6C62B433612}") = "Database1", "Database1\Database1.sqlproj", "{4B273A8F-A245-4E3B-A79D-68E65F3491FB}"
EndProject
Global
	GlobalSection(SolutionConfigurationPlatforms) = preSolution
		Debug|Any CPU = Debug|Any CPU
		Release|Any CPU = Release|Any CPU
	EndGlobalSection
	GlobalSection(ProjectConfigurationPlatforms) = postSolution
		{468096F1-AA50-49B2-A3D6-7E585D6AD7D2}.Debug|Any CPU.ActiveCfg = Debug|Any CPU
		{468096F1-AA50-49B2-A3D6-7E585D6AD7D2}.Debug|Any CPU.Build.0 = Debug|Any CPU
		{468096F1-AA50-49B2-A3D6-7E585D6AD7D2}.Release|Any CPU.ActiveCfg = Release|Any CPU
		{468096F1-AA50-49B2-A3D6-7E585D6AD7D2}.Release|Any CPU.Build.0 = Release|Any CPU
		{4B273A8F-A245-4E3B-A79D-68E65F3491FB}.Debug|Any CPU.ActiveCfg = Debug|Any CPU
		{4B273A8F-A245-4E3B-A79D-68E65F3491FB}.Debug|Any CPU.Build.0 = Debug|Any CPU
		{4B273A8F-A245-4E3B-A79D-68E65F3491FB}.Debug|Any CPU.Deploy.0 = Debug|Any CPU
		{4B273A8F-A245-4E3B-A79D-68E65F3491FB}.Release|Any CPU.ActiveCfg = Release|Any CPU
		{4B273A8F-A245-4E3B-A79D-68E65F3491FB}.Release|Any CPU.Build.0 = Release|Any CPU
		{4B273A8F-A245-4E3B-A79D-68E65F3491FB}.Release|Any CPU.Deploy.0 = Release|Any CPU
	EndGlobalSection
	GlobalSection(SolutionProperties) = preSolution
		HideSolutionNode = FALSE
	EndGlobalSection
	GlobalSection(ExtensibilityGlobals) = postSolution
		SolutionGuid = {9AE65610-9965-455F-AB93-B09864F23F52}
	EndGlobalSection
EndGlobal
